// !$*UTF8*$!
{
	archiveVersion = 1;
	classes = {
	};
	objectVersion = 50;
	objects = {

/* Begin PBXBuildFile section */
		DE90C1D121D9380700701724 /* AppDelegate.swift in Sources */ = {isa = PBXBuildFile; fileRef = DE90C1D021D9380700701724 /* AppDelegate.swift */; };
		DE90C1D321D9380700701724 /* art.scnassets in Resources */ = {isa = PBXBuildFile; fileRef = DE90C1D221D9380700701724 /* art.scnassets */; };
		DE90C1D521D9380700701724 /* ViewController.swift in Sources */ = {isa = PBXBuildFile; fileRef = DE90C1D421D9380700701724 /* ViewController.swift */; };
		DE90C1D821D9380700701724 /* Main.storyboard in Resources */ = {isa = PBXBuildFile; fileRef = DE90C1D621D9380700701724 /* Main.storyboard */; };
		DE90C1DA21D9380900701724 /* Assets.xcassets in Resources */ = {isa = PBXBuildFile; fileRef = DE90C1D921D9380900701724 /* Assets.xcassets */; };
		DE90C1DD21D9380900701724 /* LaunchScreen.storyboard in Resources */ = {isa = PBXBuildFile; fileRef = DE90C1DB21D9380900701724 /* LaunchScreen.storyboard */; };
		DE90C1E821D9380900701724 /* ARAppTests.swift in Sources */ = {isa = PBXBuildFile; fileRef = DE90C1E721D9380900701724 /* ARAppTests.swift */; };
		DE90C1F321D9380900701724 /* ARAppUITests.swift in Sources */ = {isa = PBXBuildFile; fileRef = DE90C1F221D9380900701724 /* ARAppUITests.swift */; };
/* End PBXBuildFile section */

/* Begin PBXContainerItemProxy section */
		DE90C1E421D9380900701724 /* PBXContainerItemProxy */ = {
			isa = PBXContainerItemProxy;
			containerPortal = DE90C1C521D9380700701724 /* Project object */;
			proxyType = 1;
			remoteGlobalIDString = DE90C1CC21D9380700701724;
			remoteInfo = ARApp;
		};
		DE90C1EF21D9380900701724 /* PBXContainerItemProxy */ = {
			isa = PBXContainerItemProxy;
			containerPortal = DE90C1C521D9380700701724 /* Project object */;
			proxyType = 1;
			remoteGlobalIDString = DE90C1CC21D9380700701724;
			remoteInfo = ARApp;
		};
/* End PBXContainerItemProxy section */

/* Begin PBXFileReference section */
		DE90C1CD21D9380700701724 /* ARApp.app */ = {isa = PBXFileReference; explicitFileType = wrapper.application; includeInIndex = 0; path = ARApp.app; sourceTree = BUILT_PRODUCTS_DIR; };
		DE90C1D021D9380700701724 /* AppDelegate.swift */ = {isa = PBXFileReference; lastKnownFileType = sourcecode.swift; path = AppDelegate.swift; sourceTree = "<group>"; };
		DE90C1D221D9380700701724 /* art.scnassets */ = {isa = PBXFileReference; lastKnownFileType = wrapper.scnassets; path = art.scnassets; sourceTree = "<group>"; };
		DE90C1D421D9380700701724 /* ViewController.swift */ = {isa = PBXFileReference; lastKnownFileType = sourcecode.swift; path = ViewController.swift; sourceTree = "<group>"; };
		DE90C1D721D9380700701724 /* Base */ = {isa = PBXFileReference; lastKnownFileType = file.storyboard; name = Base; path = Base.lproj/Main.storyboard; sourceTree = "<group>"; };
		DE90C1D921D9380900701724 /* Assets.xcassets */ = {isa = PBXFileReference; lastKnownFileType = folder.assetcatalog; path = Assets.xcassets; sourceTree = "<group>"; };
		DE90C1DC21D9380900701724 /* Base */ = {isa = PBXFileReference; lastKnownFileType = file.storyboard; name = Base; path = Base.lproj/LaunchScreen.storyboard; sourceTree = "<group>"; };
		DE90C1DE21D9380900701724 /* Info.plist */ = {isa = PBXFileReference; lastKnownFileType = text.plist.xml; path = Info.plist; sourceTree = "<group>"; };
		DE90C1E321D9380900701724 /* ARAppTests.xctest */ = {isa = PBXFileReference; explicitFileType = wrapper.cfbundle; includeInIndex = 0; path = ARAppTests.xctest; sourceTree = BUILT_PRODUCTS_DIR; };
		DE90C1E721D9380900701724 /* ARAppTests.swift */ = {isa = PBXFileReference; lastKnownFileType = sourcecode.swift; path = ARAppTests.swift; sourceTree = "<group>"; };
		DE90C1E921D9380900701724 /* Info.plist */ = {isa = PBXFileReference; lastKnownFileType = text.plist.xml; path = Info.plist; sourceTree = "<group>"; };
		DE90C1EE21D9380900701724 /* ARAppUITests.xctest */ = {isa = PBXFileReference; explicitFileType = wrapper.cfbundle; includeInIndex = 0; path = ARAppUITests.xctest; sourceTree = BUILT_PRODUCTS_DIR; };
		DE90C1F221D9380900701724 /* ARAppUITests.swift */ = {isa = PBXFileReference; lastKnownFileType = sourcecode.swift; path = ARAppUITests.swift; sourceTree = "<group>"; };
		DE90C1F421D9380900701724 /* Info.plist */ = {isa = PBXFileReference; lastKnownFileType = text.plist.xml; path = Info.plist; sourceTree = "<group>"; };
/* End PBXFileReference section */

/* Begin PBXFrameworksBuildPhase section */
		DE90C1CA21D9380700701724 /* Frameworks */ = {
			isa = PBXFrameworksBuildPhase;
			buildActionMask = 2147483647;
			files = (
			);
			runOnlyForDeploymentPostprocessing = 0;
		};
		DE90C1E021D9380900701724 /* Frameworks */ = {
			isa = PBXFrameworksBuildPhase;
			buildActionMask = 2147483647;
			files = (
			);
			runOnlyForDeploymentPostprocessing = 0;
		};
		DE90C1EB21D9380900701724 /* Frameworks */ = {
			isa = PBXFrameworksBuildPhase;
			buildActionMask = 2147483647;
			files = (
			);
			runOnlyForDeploymentPostprocessing = 0;
		};
/* End PBXFrameworksBuildPhase section */

/* Begin PBXGroup section */
		DE90C1C421D9380700701724 = {
			isa = PBXGroup;
			children = (
				DE90C1CF21D9380700701724 /* ARApp */,
				DE90C1E621D9380900701724 /* ARAppTests */,
				DE90C1F121D9380900701724 /* ARAppUITests */,
				DE90C1CE21D9380700701724 /* Products */,
			);
			sourceTree = "<group>";
		};
		DE90C1CE21D9380700701724 /* Products */ = {
			isa = PBXGroup;
			children = (
				DE90C1CD21D9380700701724 /* ARApp.app */,
				DE90C1E321D9380900701724 /* ARAppTests.xctest */,
				DE90C1EE21D9380900701724 /* ARAppUITests.xctest */,
			);
			name = Products;
			sourceTree = "<group>";
		};
		DE90C1CF21D9380700701724 /* ARApp */ = {
			isa = PBXGroup;
			children = (
				DE90C1D021D9380700701724 /* AppDelegate.swift */,
				DE90C1D221D9380700701724 /* art.scnassets */,
				DE90C1D421D9380700701724 /* ViewController.swift */,
				DE90C1D621D9380700701724 /* Main.storyboard */,
				DE90C1D921D9380900701724 /* Assets.xcassets */,
				DE90C1DB21D9380900701724 /* LaunchScreen.storyboard */,
				DE90C1DE21D9380900701724 /* Info.plist */,
			);
			path = ARApp;
			sourceTree = "<group>";
		};
		DE90C1E621D9380900701724 /* ARAppTests */ = {
			isa = PBXGroup;
			children = (
				DE90C1E721D9380900701724 /* ARAppTests.swift */,
				DE90C1E921D9380900701724 /* Info.plist */,
			);
			path = ARAppTests;
			sourceTree = "<group>";
		};
		DE90C1F121D9380900701724 /* ARAppUITests */ = {
			isa = PBXGroup;
			children = (
				DE90C1F221D9380900701724 /* ARAppUITests.swift */,
				DE90C1F421D9380900701724 /* Info.plist */,
			);
			path = ARAppUITests;
			sourceTree = "<group>";
		};
/* End PBXGroup section */

/* Begin PBXNativeTarget section */
		DE90C1CC21D9380700701724 /* ARApp */ = {
			isa = PBXNativeTarget;
			buildConfigurationList = DE90C1F721D9380900701724 /* Build configuration list for PBXNativeTarget "ARApp" */;
			buildPhases = (
				DE90C1C921D9380700701724 /* Sources */,
				DE90C1CA21D9380700701724 /* Frameworks */,
				DE90C1CB21D9380700701724 /* Resources */,
			);
			buildRules = (
			);
			dependencies = (
			);
			name = ARApp;
			productName = ARApp;
			productReference = DE90C1CD21D9380700701724 /* ARApp.app */;
			productType = "com.apple.product-type.application";
		};
		DE90C1E221D9380900701724 /* ARAppTests */ = {
			isa = PBXNativeTarget;
			buildConfigurationList = DE90C1FA21D9380900701724 /* Build configuration list for PBXNativeTarget "ARAppTests" */;
			buildPhases = (
				DE90C1DF21D9380900701724 /* Sources */,
				DE90C1E021D9380900701724 /* Frameworks */,
				DE90C1E121D9380900701724 /* Resources */,
			);
			buildRules = (
			);
			dependencies = (
				DE90C1E521D9380900701724 /* PBXTargetDependency */,
			);
			name = ARAppTests;
			productName = ARAppTests;
			productReference = DE90C1E321D9380900701724 /* ARAppTests.xctest */;
			productType = "com.apple.product-type.bundle.unit-test";
		};
		DE90C1ED21D9380900701724 /* ARAppUITests */ = {
			isa = PBXNativeTarget;
			buildConfigurationList = DE90C1FD21D9380900701724 /* Build configuration list for PBXNativeTarget "ARAppUITests" */;
			buildPhases = (
				DE90C1EA21D9380900701724 /* Sources */,
				DE90C1EB21D9380900701724 /* Frameworks */,
				DE90C1EC21D9380900701724 /* Resources */,
			);
			buildRules = (
			);
			dependencies = (
				DE90C1F021D9380900701724 /* PBXTargetDependency */,
			);
			name = ARAppUITests;
			productName = ARAppUITests;
			productReference = DE90C1EE21D9380900701724 /* ARAppUITests.xctest */;
			productType = "com.apple.product-type.bundle.ui-testing";
		};
/* End PBXNativeTarget section */

/* Begin PBXProject section */
		DE90C1C521D9380700701724 /* Project object */ = {
			isa = PBXProject;
			attributes = {
				LastSwiftUpdateCheck = 1010;
				LastUpgradeCheck = 1010;
				ORGANIZATIONNAME = "Huy Vo";
				TargetAttributes = {
					DE90C1CC21D9380700701724 = {
						CreatedOnToolsVersion = 10.1;
					};
					DE90C1E221D9380900701724 = {
						CreatedOnToolsVersion = 10.1;
						TestTargetID = DE90C1CC21D9380700701724;
					};
					DE90C1ED21D9380900701724 = {
						CreatedOnToolsVersion = 10.1;
						TestTargetID = DE90C1CC21D9380700701724;
					};
				};
			};
			buildConfigurationList = DE90C1C821D9380700701724 /* Build configuration list for PBXProject "ARApp" */;
			compatibilityVersion = "Xcode 9.3";
			developmentRegion = en;
			hasScannedForEncodings = 0;
			knownRegions = (
				en,
				Base,
			);
			mainGroup = DE90C1C421D9380700701724;
			productRefGroup = DE90C1CE21D9380700701724 /* Products */;
			projectDirPath = "";
			projectRoot = "";
			targets = (
				DE90C1CC21D9380700701724 /* ARApp */,
				DE90C1E221D9380900701724 /* ARAppTests */,
				DE90C1ED21D9380900701724 /* ARAppUITests */,
			);
		};
/* End PBXProject section */

/* Begin PBXResourcesBuildPhase section */
		DE90C1CB21D9380700701724 /* Resources */ = {
			isa = PBXResourcesBuildPhase;
			buildActionMask = 2147483647;
			files = (
				DE90C1D321D9380700701724 /* art.scnassets in Resources */,
				DE90C1DD21D9380900701724 /* LaunchScreen.storyboard in Resources */,
				DE90C1DA21D9380900701724 /* Assets.xcassets in Resources */,
				DE90C1D821D9380700701724 /* Main.storyboard in Resources */,
			);
			runOnlyForDeploymentPostprocessing = 0;
		};
		DE90C1E121D9380900701724 /* Resources */ = {
			isa = PBXResourcesBuildPhase;
			buildActionMask = 2147483647;
			files = (
			);
			runOnlyForDeploymentPostprocessing = 0;
		};
		DE90C1EC21D9380900701724 /* Resources */ = {
			isa = PBXResourcesBuildPhase;
			buildActionMask = 2147483647;
			files = (
			);
			runOnlyForDeploymentPostprocessing = 0;
		};
/* End PBXResourcesBuildPhase section */

/* Begin PBXSourcesBuildPhase section */
		DE90C1C921D9380700701724 /* Sources */ = {
			isa = PBXSourcesBuildPhase;
			buildActionMask = 2147483647;
			files = (
				DE90C1D521D9380700701724 /* ViewController.swift in Sources */,
				DE90C1D121D9380700701724 /* AppDelegate.swift in Sources */,
			);
			runOnlyForDeploymentPostprocessing = 0;
		};
		DE90C1DF21D9380900701724 /* Sources */ = {
			isa = PBXSourcesBuildPhase;
			buildActionMask = 2147483647;
			files = (
				DE90C1E821D9380900701724 /* ARAppTests.swift in Sources */,
			);
			runOnlyForDeploymentPostprocessing = 0;
		};
		DE90C1EA21D9380900701724 /* Sources */ = {
			isa = PBXSourcesBuildPhase;
			buildActionMask = 2147483647;
			files = (
				DE90C1F321D9380900701724 /* ARAppUITests.swift in Sources */,
			);
			runOnlyForDeploymentPostprocessing = 0;
		};
/* End PBXSourcesBuildPhase section */

/* Begin PBXTargetDependency section */
		DE90C1E521D9380900701724 /* PBXTargetDependency */ = {
			isa = PBXTargetDependency;
			target = DE90C1CC21D9380700701724 /* ARApp */;
			targetProxy = DE90C1E421D9380900701724 /* PBXContainerItemProxy */;
		};
		DE90C1F021D9380900701724 /* PBXTargetDependency */ = {
			isa = PBXTargetDependency;
			target = DE90C1CC21D9380700701724 /* ARApp */;
			targetProxy = DE90C1EF21D9380900701724 /* PBXContainerItemProxy */;
		};
/* End PBXTargetDependency section */

/* Begin PBXVariantGroup section */
		DE90C1D621D9380700701724 /* Main.storyboard */ = {
			isa = PBXVariantGroup;
			children = (
				DE90C1D721D9380700701724 /* Base */,
			);
			name = Main.storyboard;
			sourceTree = "<group>";
		};
		DE90C1DB21D9380900701724 /* LaunchScreen.storyboard */ = {
			isa = PBXVariantGroup;
			children = (
				DE90C1DC21D9380900701724 /* Base */,
			);
			name = LaunchScreen.storyboard;
			sourceTree = "<group>";
		};
/* End PBXVariantGroup section */

/* Begin XCBuildConfiguration section */
		DE90C1F521D9380900701724 /* Debug */ = {
			isa = XCBuildConfiguration;
			buildSettings = {
				ALWAYS_SEARCH_USER_PATHS = NO;
				CLANG_ANALYZER_NONNULL = YES;
				CLANG_ANALYZER_NUMBER_OBJECT_CONVERSION = YES_AGGRESSIVE;
				CLANG_CXX_LANGUAGE_STANDARD = "gnu++14";
				CLANG_CXX_LIBRARY = "libc++";
				CLANG_ENABLE_MODULES = YES;
				CLANG_ENABLE_OBJC_ARC = YES;
				CLANG_ENABLE_OBJC_WEAK = YES;
				CLANG_WARN_BLOCK_CAPTURE_AUTORELEASING = YES;
				CLANG_WARN_BOOL_CONVERSION = YES;
				CLANG_WARN_COMMA = YES;
				CLANG_WARN_CONSTANT_CONVERSION = YES;
				CLANG_WARN_DEPRECATED_OBJC_IMPLEMENTATIONS = YES;
				CLANG_WARN_DIRECT_OBJC_ISA_USAGE = YES_ERROR;
				CLANG_WARN_DOCUMENTATION_COMMENTS = YES;
				CLANG_WARN_EMPTY_BODY = YES;
				CLANG_WARN_ENUM_CONVERSION = YES;
				CLANG_WARN_INFINITE_RECURSION = YES;
				CLANG_WARN_INT_CONVERSION = YES;
				CLANG_WARN_NON_LITERAL_NULL_CONVERSION = YES;
				CLANG_WARN_OBJC_IMPLICIT_RETAIN_SELF = YES;
				CLANG_WARN_OBJC_LITERAL_CONVERSION = YES;
				CLANG_WARN_OBJC_ROOT_CLASS = YES_ERROR;
				CLANG_WARN_RANGE_LOOP_ANALYSIS = YES;
				CLANG_WARN_STRICT_PROTOTYPES = YES;
				CLANG_WARN_SUSPICIOUS_MOVE = YES;
				CLANG_WARN_UNGUARDED_AVAILABILITY = YES_AGGRESSIVE;
				CLANG_WARN_UNREACHABLE_CODE = YES;
				CLANG_WARN__DUPLICATE_METHOD_MATCH = YES;
				CODE_SIGN_IDENTITY = "iPhone Developer";
				COPY_PHASE_STRIP = NO;
				DEBUG_INFORMATION_FORMAT = dwarf;
				ENABLE_STRICT_OBJC_MSGSEND = YES;
				ENABLE_TESTABILITY = YES;
				GCC_C_LANGUAGE_STANDARD = gnu11;
				GCC_DYNAMIC_NO_PIC = NO;
				GCC_NO_COMMON_BLOCKS = YES;
				GCC_OPTIMIZATION_LEVEL = 0;
				GCC_PREPROCESSOR_DEFINITIONS = (
					"DEBUG=1",
					"$(inherited)",
				);
				GCC_WARN_64_TO_32_BIT_CONVERSION = YES;
				GCC_WARN_ABOUT_RETURN_TYPE = YES_ERROR;
				GCC_WARN_UNDECLARED_SELECTOR = YES;
				GCC_WARN_UNINITIALIZED_AUTOS = YES_AGGRESSIVE;
				GCC_WARN_UNUSED_FUNCTION = YES;
				GCC_WARN_UNUSED_VARIABLE = YES;
				IPHONEOS_DEPLOYMENT_TARGET = 12.1;
				MTL_ENABLE_DEBUG_INFO = INCLUDE_SOURCE;
				MTL_FAST_MATH = YES;
				ONLY_ACTIVE_ARCH = YES;
				SDKROOT = iphoneos;
				SWIFT_ACTIVE_COMPILATION_CONDITIONS = DEBUG;
				SWIFT_OPTIMIZATION_LEVEL = "-Onone";
			};
			name = Debug;
		};
		DE90C1F621D9380900701724 /* Release */ = {
			isa = XCBuildConfiguration;
			buildSettings = {
				ALWAYS_SEARCH_USER_PATHS = NO;
				CLANG_ANALYZER_NONNULL = YES;
				CLANG_ANALYZER_NUMBER_OBJECT_CONVERSION = YES_AGGRESSIVE;
				CLANG_CXX_LANGUAGE_STANDARD = "gnu++14";
				CLANG_CXX_LIBRARY = "libc++";
				CLANG_ENABLE_MODULES = YES;
				CLANG_ENABLE_OBJC_ARC = YES;
				CLANG_ENABLE_OBJC_WEAK = YES;
				CLANG_WARN_BLOCK_CAPTURE_AUTORELEASING = YES;
				CLANG_WARN_BOOL_CONVERSION = YES;
				CLANG_WARN_COMMA = YES;
				CLANG_WARN_CONSTANT_CONVERSION = YES;
				CLANG_WARN_DEPRECATED_OBJC_IMPLEMENTATIONS = YES;
				CLANG_WARN_DIRECT_OBJC_ISA_USAGE = YES_ERROR;
				CLANG_WARN_DOCUMENTATION_COMMENTS = YES;
				CLANG_WARN_EMPTY_BODY = YES;
				CLANG_WARN_ENUM_CONVERSION = YES;
				CLANG_WARN_INFINITE_RECURSION = YES;
				CLANG_WARN_INT_CONVERSION = YES;
				CLANG_WARN_NON_LITERAL_NULL_CONVERSION = YES;
				CLANG_WARN_OBJC_IMPLICIT_RETAIN_SELF = YES;
				CLANG_WARN_OBJC_LITERAL_CONVERSION = YES;
				CLANG_WARN_OBJC_ROOT_CLASS = YES_ERROR;
				CLANG_WARN_RANGE_LOOP_ANALYSIS = YES;
				CLANG_WARN_STRICT_PROTOTYPES = YES;
				CLANG_WARN_SUSPICIOUS_MOVE = YES;
				CLANG_WARN_UNGUARDED_AVAILABILITY = YES_AGGRESSIVE;
				CLANG_WARN_UNREACHABLE_CODE = YES;
				CLANG_WARN__DUPLICATE_METHOD_MATCH = YES;
				CODE_SIGN_IDENTITY = "iPhone Developer";
				COPY_PHASE_STRIP = NO;
				DEBUG_INFORMATION_FORMAT = "dwarf-with-dsym";
				ENABLE_NS_ASSERTIONS = NO;
				ENABLE_STRICT_OBJC_MSGSEND = YES;
				GCC_C_LANGUAGE_STANDARD = gnu11;
				GCC_NO_COMMON_BLOCKS = YES;
				GCC_WARN_64_TO_32_BIT_CONVERSION = YES;
				GCC_WARN_ABOUT_RETURN_TYPE = YES_ERROR;
				GCC_WARN_UNDECLARED_SELECTOR = YES;
				GCC_WARN_UNINITIALIZED_AUTOS = YES_AGGRESSIVE;
				GCC_WARN_UNUSED_FUNCTION = YES;
				GCC_WARN_UNUSED_VARIABLE = YES;
				IPHONEOS_DEPLOYMENT_TARGET = 12.1;
				MTL_ENABLE_DEBUG_INFO = NO;
				MTL_FAST_MATH = YES;
				SDKROOT = iphoneos;
				SWIFT_COMPILATION_MODE = wholemodule;
				SWIFT_OPTIMIZATION_LEVEL = "-O";
				VALIDATE_PRODUCT = YES;
			};
			name = Release;
		};
		DE90C1F821D9380900701724 /* Debug */ = {
			isa = XCBuildConfiguration;
			buildSettings = {
				ASSETCATALOG_COMPILER_APPICON_NAME = AppIcon;
				CODE_SIGN_STYLE = Automatic;
				DEVELOPMENT_TEAM = XG84P2VT48;
				INFOPLIST_FILE = ARApp/Info.plist;
				LD_RUNPATH_SEARCH_PATHS = (
					"$(inherited)",
					"@executable_path/Frameworks",
				);
				PRODUCT_BUNDLE_IDENTIFIER = voxqhuy.ARApp;
				PRODUCT_NAME = "$(TARGET_NAME)";
				SWIFT_VERSION = 4.2;
				TARGETED_DEVICE_FAMILY = "1,2";
			};
			name = Debug;
		};
		DE90C1F921D9380900701724 /* Release */ = {
			isa = XCBuildConfiguration;
			buildSettings = {
				ASSETCATALOG_COMPILER_APPICON_NAME = AppIcon;
				CODE_SIGN_STYLE = Automatic;
				DEVELOPMENT_TEAM = XG84P2VT48;
				INFOPLIST_FILE = ARApp/Info.plist;
				LD_RUNPATH_SEARCH_PATHS = (
					"$(inherited)",
					"@executable_path/Frameworks",
				);
				PRODUCT_BUNDLE_IDENTIFIER = voxqhuy.ARApp;
				PRODUCT_NAME = "$(TARGET_NAME)";
				SWIFT_VERSION = 4.2;
				TARGETED_DEVICE_FAMILY = "1,2";
			};
			name = Release;
		};
		DE90C1FB21D9380900701724 /* Debug */ = {
			isa = XCBuildConfiguration;
			buildSettings = {
				ALWAYS_EMBED_SWIFT_STANDARD_LIBRARIES = YES;
				BUNDLE_LOADER = "$(TEST_HOST)";
				CODE_SIGN_STYLE = Automatic;
				DEVELOPMENT_TEAM = XG84P2VT48;
				INFOPLIST_FILE = ARAppTests/Info.plist;
				LD_RUNPATH_SEARCH_PATHS = (
					"$(inherited)",
					"@executable_path/Frameworks",
					"@loader_path/Frameworks",
				);
				PRODUCT_BUNDLE_IDENTIFIER = voxqhuy.ARAppTests;
				PRODUCT_NAME = "$(TARGET_NAME)";
				SWIFT_VERSION = 4.2;
				TARGETED_DEVICE_FAMILY = "1,2";
				TEST_HOST = "$(BUILT_PRODUCTS_DIR)/ARApp.app/ARApp";
			};
			name = Debug;
		};
		DE90C1FC21D9380900701724 /* Release */ = {
			isa = XCBuildConfiguration;
			buildSettings = {
				ALWAYS_EMBED_SWIFT_STANDARD_LIBRARIES = YES;
				BUNDLE_LOADER = "$(TEST_HOST)";
				CODE_SIGN_STYLE = Automatic;
				DEVELOPMENT_TEAM = XG84P2VT48;
				INFOPLIST_FILE = ARAppTests/Info.plist;
				LD_RUNPATH_SEARCH_PATHS = (
					"$(inherited)",
					"@executable_path/Frameworks",
					"@loader_path/Frameworks",
				);
				PRODUCT_BUNDLE_IDENTIFIER = voxqhuy.ARAppTests;
				PRODUCT_NAME = "$(TARGET_NAME)";
				SWIFT_VERSION = 4.2;
				TARGETED_DEVICE_FAMILY = "1,2";
				TEST_HOST = "$(BUILT_PRODUCTS_DIR)/ARApp.app/ARApp";
			};
			name = Release;
		};
		DE90C1FE21D9380900701724 /* Debug */ = {
			isa = XCBuildConfiguration;
			buildSettings = {
				ALWAYS_EMBED_SWIFT_STANDARD_LIBRARIES = YES;
				CODE_SIGN_STYLE = Automatic;
				DEVELOPMENT_TEAM = XG84P2VT48;
				INFOPLIST_FILE = ARAppUITests/Info.plist;
				LD_RUNPATH_SEARCH_PATHS = (
					"$(inherited)",
					"@executable_path/Frameworks",
					"@loader_path/Frameworks",
				);
				PRODUCT_BUNDLE_IDENTIFIER = voxqhuy.ARAppUITests;
				PRODUCT_NAME = "$(TARGET_NAME)";
				SWIFT_VERSION = 4.2;
				TARGETED_DEVICE_FAMILY = "1,2";
				TEST_TARGET_NAME = ARApp;
			};
			name = Debug;
		};
		DE90C1FF21D9380900701724 /* Release */ = {
			isa = XCBuildConfiguration;
			buildSettings = {
				ALWAYS_EMBED_SWIFT_STANDARD_LIBRARIES = YES;
				CODE_SIGN_STYLE = Automatic;
				DEVELOPMENT_TEAM = XG84P2VT48;
				INFOPLIST_FILE = ARAppUITests/Info.plist;
				LD_RUNPATH_SEARCH_PATHS = (
					"$(inherited)",
					"@executable_path/Frameworks",
					"@loader_path/Frameworks",
				);
				PRODUCT_BUNDLE_IDENTIFIER = voxqhuy.ARAppUITests;
				PRODUCT_NAME = "$(TARGET_NAME)";
				SWIFT_VERSION = 4.2;
				TARGETED_DEVICE_FAMILY = "1,2";
				TEST_TARGET_NAME = ARApp;
			};
			name = Release;
		};
/* End XCBuildConfiguration section */

/* Begin XCConfigurationList section */
		DE90C1C821D9380700701724 /* Build configuration list for PBXProject "ARApp" */ = {
			isa = XCConfigurationList;
			buildConfigurations = (
				DE90C1F521D9380900701724 /* Debug */,
				DE90C1F621D9380900701724 /* Release */,
			);
			defaultConfigurationIsVisible = 0;
			defaultConfigurationName = Release;
		};
		DE90C1F721D9380900701724 /* Build configuration list for PBXNativeTarget "ARApp" */ = {
			isa = XCConfigurationList;
			buildConfigurations = (
				DE90C1F821D9380900701724 /* Debug */,
				DE90C1F921D9380900701724 /* Release */,
			);
			defaultConfigurationIsVisible = 0;
			defaultConfigurationName = Release;
		};
		DE90C1FA21D9380900701724 /* Build configuration list for PBXNativeTarget "ARAppTests" */ = {
			isa = XCConfigurationList;
			buildConfigurations = (
				DE90C1FB21D9380900701724 /* Debug */,
				DE90C1FC21D9380900701724 /* Release */,
			);
			defaultConfigurationIsVisible = 0;
			defaultConfigurationName = Release;
		};
		DE90C1FD21D9380900701724 /* Build configuration list for PBXNativeTarget "ARAppUITests" */ = {
			isa = XCConfigurationList;
			buildConfigurations = (
				DE90C1FE21D9380900701724 /* Debug */,
				DE90C1FF21D9380900701724 /* Release */,
			);
			defaultConfigurationIsVisible = 0;
			defaultConfigurationName = Release;
		};
/* End XCConfigurationList section */
	};
	rootObject = DE90C1C521D9380700701724 /* Project object */;
}
