// !$*UTF8*$!
{
	archiveVersion = 1;
	classes = {
	};
	objectVersion = 50;
	objects = {

/* Begin PBXBuildFile section */
		8F5569C920BC55F000CF535E /* InterestingPhotoDataSource.swift in Sources */ = {isa = PBXBuildFile; fileRef = 8F5569C820BC55F000CF535E /* InterestingPhotoDataSource.swift */; };
		8F5569CF20BC60AC00CF535E /* InterestingPhotosViewController.swift in Sources */ = {isa = PBXBuildFile; fileRef = 8F5569CE20BC60AC00CF535E /* InterestingPhotosViewController.swift */; };
		8F5569D120BC682A00CF535E /* RecentPhotoDataSource.swift in Sources */ = {isa = PBXBuildFile; fileRef = 8F5569D020BC682A00CF535E /* RecentPhotoDataSource.swift */; };
		8F9DC99B20B8F65600F2688E /* RecentPhotosController.swift in Sources */ = {isa = PBXBuildFile; fileRef = 8F9DC99A20B8F65600F2688E /* RecentPhotosController.swift */; };
		8FD850A420B71B640049B081 /* PhotoStore.swift in Sources */ = {isa = PBXBuildFile; fileRef = 8FD850A320B71B640049B081 /* PhotoStore.swift */; };
		8FD850A620B730370049B081 /* Photo.swift in Sources */ = {isa = PBXBuildFile; fileRef = 8FD850A520B730370049B081 /* Photo.swift */; };
		8FE1F93A20B647B6004ECD7B /* AppDelegate.swift in Sources */ = {isa = PBXBuildFile; fileRef = 8FE1F93920B647B6004ECD7B /* AppDelegate.swift */; };
		8FE1F93F20B647B6004ECD7B /* Main.storyboard in Resources */ = {isa = PBXBuildFile; fileRef = 8FE1F93D20B647B6004ECD7B /* Main.storyboard */; };
		8FE1F94120B647B7004ECD7B /* Assets.xcassets in Resources */ = {isa = PBXBuildFile; fileRef = 8FE1F94020B647B7004ECD7B /* Assets.xcassets */; };
		8FE1F94F20B647B8004ECD7B /* PictogramTests.swift in Sources */ = {isa = PBXBuildFile; fileRef = 8FE1F94E20B647B8004ECD7B /* PictogramTests.swift */; };
		8FE1F95A20B647B8004ECD7B /* PictogramUITests.swift in Sources */ = {isa = PBXBuildFile; fileRef = 8FE1F95920B647B8004ECD7B /* PictogramUITests.swift */; };
		8FE1F96A20B64C0E004ECD7B /* FlickrAPI.swift in Sources */ = {isa = PBXBuildFile; fileRef = 8FE1F96920B64C0E004ECD7B /* FlickrAPI.swift */; };
/* End PBXBuildFile section */

/* Begin PBXContainerItemProxy section */
		8FE1F94B20B647B8004ECD7B /* PBXContainerItemProxy */ = {
			isa = PBXContainerItemProxy;
			containerPortal = 8FE1F92E20B647B6004ECD7B /* Project object */;
			proxyType = 1;
			remoteGlobalIDString = 8FE1F93520B647B6004ECD7B;
			remoteInfo = Pictogram;
		};
		8FE1F95620B647B8004ECD7B /* PBXContainerItemProxy */ = {
			isa = PBXContainerItemProxy;
			containerPortal = 8FE1F92E20B647B6004ECD7B /* Project object */;
			proxyType = 1;
			remoteGlobalIDString = 8FE1F93520B647B6004ECD7B;
			remoteInfo = Pictogram;
		};
/* End PBXContainerItemProxy section */

/* Begin PBXFileReference section */
		8F5569C820BC55F000CF535E /* InterestingPhotoDataSource.swift */ = {isa = PBXFileReference; lastKnownFileType = sourcecode.swift; path = InterestingPhotoDataSource.swift; sourceTree = "<group>"; };
		8F5569CE20BC60AC00CF535E /* InterestingPhotosViewController.swift */ = {isa = PBXFileReference; lastKnownFileType = sourcecode.swift; path = InterestingPhotosViewController.swift; sourceTree = "<group>"; };
		8F5569D020BC682A00CF535E /* RecentPhotoDataSource.swift */ = {isa = PBXFileReference; lastKnownFileType = sourcecode.swift; path = RecentPhotoDataSource.swift; sourceTree = "<group>"; };
		8F9DC99A20B8F65600F2688E /* RecentPhotosController.swift */ = {isa = PBXFileReference; lastKnownFileType = sourcecode.swift; path = RecentPhotosController.swift; sourceTree = "<group>"; };
		8FD850A320B71B640049B081 /* PhotoStore.swift */ = {isa = PBXFileReference; lastKnownFileType = sourcecode.swift; path = PhotoStore.swift; sourceTree = "<group>"; };
		8FD850A520B730370049B081 /* Photo.swift */ = {isa = PBXFileReference; lastKnownFileType = sourcecode.swift; path = Photo.swift; sourceTree = "<group>"; };
		8FE1F93620B647B6004ECD7B /* Pictogram.app */ = {isa = PBXFileReference; explicitFileType = wrapper.application; includeInIndex = 0; path = Pictogram.app; sourceTree = BUILT_PRODUCTS_DIR; };
		8FE1F93920B647B6004ECD7B /* AppDelegate.swift */ = {isa = PBXFileReference; lastKnownFileType = sourcecode.swift; path = AppDelegate.swift; sourceTree = "<group>"; };
		8FE1F93E20B647B6004ECD7B /* Base */ = {isa = PBXFileReference; lastKnownFileType = file.storyboard; name = Base; path = Base.lproj/Main.storyboard; sourceTree = "<group>"; };
		8FE1F94020B647B7004ECD7B /* Assets.xcassets */ = {isa = PBXFileReference; lastKnownFileType = folder.assetcatalog; path = Assets.xcassets; sourceTree = "<group>"; };
		8FE1F94520B647B7004ECD7B /* Info.plist */ = {isa = PBXFileReference; lastKnownFileType = text.plist.xml; path = Info.plist; sourceTree = "<group>"; };
		8FE1F94A20B647B8004ECD7B /* PictogramTests.xctest */ = {isa = PBXFileReference; explicitFileType = wrapper.cfbundle; includeInIndex = 0; path = PictogramTests.xctest; sourceTree = BUILT_PRODUCTS_DIR; };
		8FE1F94E20B647B8004ECD7B /* PictogramTests.swift */ = {isa = PBXFileReference; lastKnownFileType = sourcecode.swift; path = PictogramTests.swift; sourceTree = "<group>"; };
		8FE1F95020B647B8004ECD7B /* Info.plist */ = {isa = PBXFileReference; lastKnownFileType = text.plist.xml; path = Info.plist; sourceTree = "<group>"; };
		8FE1F95520B647B8004ECD7B /* PictogramUITests.xctest */ = {isa = PBXFileReference; explicitFileType = wrapper.cfbundle; includeInIndex = 0; path = PictogramUITests.xctest; sourceTree = BUILT_PRODUCTS_DIR; };
		8FE1F95920B647B8004ECD7B /* PictogramUITests.swift */ = {isa = PBXFileReference; lastKnownFileType = sourcecode.swift; path = PictogramUITests.swift; sourceTree = "<group>"; };
		8FE1F95B20B647B8004ECD7B /* Info.plist */ = {isa = PBXFileReference; lastKnownFileType = text.plist.xml; path = Info.plist; sourceTree = "<group>"; };
		8FE1F96920B64C0E004ECD7B /* FlickrAPI.swift */ = {isa = PBXFileReference; lastKnownFileType = sourcecode.swift; path = FlickrAPI.swift; sourceTree = "<group>"; };
/* End PBXFileReference section */

/* Begin PBXFrameworksBuildPhase section */
		8FE1F93320B647B6004ECD7B /* Frameworks */ = {
			isa = PBXFrameworksBuildPhase;
			buildActionMask = 2147483647;
			files = (
			);
			runOnlyForDeploymentPostprocessing = 0;
		};
		8FE1F94720B647B8004ECD7B /* Frameworks */ = {
			isa = PBXFrameworksBuildPhase;
			buildActionMask = 2147483647;
			files = (
			);
			runOnlyForDeploymentPostprocessing = 0;
		};
		8FE1F95220B647B8004ECD7B /* Frameworks */ = {
			isa = PBXFrameworksBuildPhase;
			buildActionMask = 2147483647;
			files = (
			);
			runOnlyForDeploymentPostprocessing = 0;
		};
/* End PBXFrameworksBuildPhase section */

/* Begin PBXGroup section */
		8F5569CA20BC561E00CF535E /* Data Source */ = {
			isa = PBXGroup;
			children = (
				8F5569C820BC55F000CF535E /* InterestingPhotoDataSource.swift */,
				8F5569D020BC682A00CF535E /* RecentPhotoDataSource.swift */,
			);
			path = "Data Source";
			sourceTree = "<group>";
		};
		8F5569CB20BC564C00CF535E /* View Controllers */ = {
			isa = PBXGroup;
			children = (
				8F9DC99A20B8F65600F2688E /* RecentPhotosController.swift */,
				8F5569CE20BC60AC00CF535E /* InterestingPhotosViewController.swift */,
			);
			path = "View Controllers";
			sourceTree = "<group>";
		};
		8FD850A720B7304B0049B081 /* Web Service */ = {
			isa = PBXGroup;
			children = (
				8FE1F96920B64C0E004ECD7B /* FlickrAPI.swift */,
				8FD850A520B730370049B081 /* Photo.swift */,
				8FD850A320B71B640049B081 /* PhotoStore.swift */,
			);
			path = "Web Service";
			sourceTree = "<group>";
		};
		8FE1F92D20B647B6004ECD7B = {
			isa = PBXGroup;
			children = (
				8FE1F93820B647B6004ECD7B /* Pictogram */,
				8FE1F94D20B647B8004ECD7B /* PictogramTests */,
				8FE1F95820B647B8004ECD7B /* PictogramUITests */,
				8FE1F93720B647B6004ECD7B /* Products */,
			);
			sourceTree = "<group>";
		};
		8FE1F93720B647B6004ECD7B /* Products */ = {
			isa = PBXGroup;
			children = (
				8FE1F93620B647B6004ECD7B /* Pictogram.app */,
				8FE1F94A20B647B8004ECD7B /* PictogramTests.xctest */,
				8FE1F95520B647B8004ECD7B /* PictogramUITests.xctest */,
			);
			name = Products;
			sourceTree = "<group>";
		};
		8FE1F93820B647B6004ECD7B /* Pictogram */ = {
			isa = PBXGroup;
			children = (
				8FE1F93920B647B6004ECD7B /* AppDelegate.swift */,
				8FE1F93D20B647B6004ECD7B /* Main.storyboard */,
				8F5569CB20BC564C00CF535E /* View Controllers */,
				8F5569CA20BC561E00CF535E /* Data Source */,
				8FD850A720B7304B0049B081 /* Web Service */,
				8FE1F94020B647B7004ECD7B /* Assets.xcassets */,
				8FE1F94520B647B7004ECD7B /* Info.plist */,
			);
			path = Pictogram;
			sourceTree = "<group>";
		};
		8FE1F94D20B647B8004ECD7B /* PictogramTests */ = {
			isa = PBXGroup;
			children = (
				8FE1F94E20B647B8004ECD7B /* PictogramTests.swift */,
				8FE1F95020B647B8004ECD7B /* Info.plist */,
			);
			path = PictogramTests;
			sourceTree = "<group>";
		};
		8FE1F95820B647B8004ECD7B /* PictogramUITests */ = {
			isa = PBXGroup;
			children = (
				8FE1F95920B647B8004ECD7B /* PictogramUITests.swift */,
				8FE1F95B20B647B8004ECD7B /* Info.plist */,
			);
			path = PictogramUITests;
			sourceTree = "<group>";
		};
/* End PBXGroup section */

/* Begin PBXNativeTarget section */
		8FE1F93520B647B6004ECD7B /* Pictogram */ = {
			isa = PBXNativeTarget;
			buildConfigurationList = 8FE1F95E20B647B8004ECD7B /* Build configuration list for PBXNativeTarget "Pictogram" */;
			buildPhases = (
				8FE1F93220B647B6004ECD7B /* Sources */,
				8FE1F93320B647B6004ECD7B /* Frameworks */,
				8FE1F93420B647B6004ECD7B /* Resources */,
			);
			buildRules = (
			);
			dependencies = (
			);
			name = Pictogram;
			productName = Pictogram;
			productReference = 8FE1F93620B647B6004ECD7B /* Pictogram.app */;
			productType = "com.apple.product-type.application";
		};
		8FE1F94920B647B8004ECD7B /* PictogramTests */ = {
			isa = PBXNativeTarget;
			buildConfigurationList = 8FE1F96120B647B8004ECD7B /* Build configuration list for PBXNativeTarget "PictogramTests" */;
			buildPhases = (
				8FE1F94620B647B8004ECD7B /* Sources */,
				8FE1F94720B647B8004ECD7B /* Frameworks */,
				8FE1F94820B647B8004ECD7B /* Resources */,
			);
			buildRules = (
			);
			dependencies = (
				8FE1F94C20B647B8004ECD7B /* PBXTargetDependency */,
			);
			name = PictogramTests;
			productName = PictogramTests;
			productReference = 8FE1F94A20B647B8004ECD7B /* PictogramTests.xctest */;
			productType = "com.apple.product-type.bundle.unit-test";
		};
		8FE1F95420B647B8004ECD7B /* PictogramUITests */ = {
			isa = PBXNativeTarget;
			buildConfigurationList = 8FE1F96420B647B8004ECD7B /* Build configuration list for PBXNativeTarget "PictogramUITests" */;
			buildPhases = (
				8FE1F95120B647B8004ECD7B /* Sources */,
				8FE1F95220B647B8004ECD7B /* Frameworks */,
				8FE1F95320B647B8004ECD7B /* Resources */,
			);
			buildRules = (
			);
			dependencies = (
				8FE1F95720B647B8004ECD7B /* PBXTargetDependency */,
			);
			name = PictogramUITests;
			productName = PictogramUITests;
			productReference = 8FE1F95520B647B8004ECD7B /* PictogramUITests.xctest */;
			productType = "com.apple.product-type.bundle.ui-testing";
		};
/* End PBXNativeTarget section */

/* Begin PBXProject section */
		8FE1F92E20B647B6004ECD7B /* Project object */ = {
			isa = PBXProject;
			attributes = {
				LastSwiftUpdateCheck = 0930;
				LastUpgradeCheck = 0930;
				ORGANIZATIONNAME = "Vo Huy";
				TargetAttributes = {
					8FE1F93520B647B6004ECD7B = {
						CreatedOnToolsVersion = 9.3;
					};
					8FE1F94920B647B8004ECD7B = {
						CreatedOnToolsVersion = 9.3;
						TestTargetID = 8FE1F93520B647B6004ECD7B;
					};
					8FE1F95420B647B8004ECD7B = {
						CreatedOnToolsVersion = 9.3;
						TestTargetID = 8FE1F93520B647B6004ECD7B;
					};
				};
			};
			buildConfigurationList = 8FE1F93120B647B6004ECD7B /* Build configuration list for PBXProject "Pictogram" */;
			compatibilityVersion = "Xcode 9.3";
			developmentRegion = en;
			hasScannedForEncodings = 0;
			knownRegions = (
				en,
				Base,
			);
			mainGroup = 8FE1F92D20B647B6004ECD7B;
			productRefGroup = 8FE1F93720B647B6004ECD7B /* Products */;
			projectDirPath = "";
			projectRoot = "";
			targets = (
				8FE1F93520B647B6004ECD7B /* Pictogram */,
				8FE1F94920B647B8004ECD7B /* PictogramTests */,
				8FE1F95420B647B8004ECD7B /* PictogramUITests */,
			);
		};
/* End PBXProject section */

/* Begin PBXResourcesBuildPhase section */
		8FE1F93420B647B6004ECD7B /* Resources */ = {
			isa = PBXResourcesBuildPhase;
			buildActionMask = 2147483647;
			files = (
				8FE1F94120B647B7004ECD7B /* Assets.xcassets in Resources */,
				8FE1F93F20B647B6004ECD7B /* Main.storyboard in Resources */,
			);
			runOnlyForDeploymentPostprocessing = 0;
		};
		8FE1F94820B647B8004ECD7B /* Resources */ = {
			isa = PBXResourcesBuildPhase;
			buildActionMask = 2147483647;
			files = (
			);
			runOnlyForDeploymentPostprocessing = 0;
		};
		8FE1F95320B647B8004ECD7B /* Resources */ = {
			isa = PBXResourcesBuildPhase;
			buildActionMask = 2147483647;
			files = (
			);
			runOnlyForDeploymentPostprocessing = 0;
		};
/* End PBXResourcesBuildPhase section */

/* Begin PBXSourcesBuildPhase section */
		8FE1F93220B647B6004ECD7B /* Sources */ = {
			isa = PBXSourcesBuildPhase;
			buildActionMask = 2147483647;
			files = (
				8FE1F96A20B64C0E004ECD7B /* FlickrAPI.swift in Sources */,
				8FD850A420B71B640049B081 /* PhotoStore.swift in Sources */,
				8F5569CF20BC60AC00CF535E /* InterestingPhotosViewController.swift in Sources */,
				8F5569C920BC55F000CF535E /* InterestingPhotoDataSource.swift in Sources */,
				8F5569D120BC682A00CF535E /* RecentPhotoDataSource.swift in Sources */,
				8FE1F93A20B647B6004ECD7B /* AppDelegate.swift in Sources */,
				8FD850A620B730370049B081 /* Photo.swift in Sources */,
				8F9DC99B20B8F65600F2688E /* RecentPhotosController.swift in Sources */,
			);
			runOnlyForDeploymentPostprocessing = 0;
		};
		8FE1F94620B647B8004ECD7B /* Sources */ = {
			isa = PBXSourcesBuildPhase;
			buildActionMask = 2147483647;
			files = (
				8FE1F94F20B647B8004ECD7B /* PictogramTests.swift in Sources */,
			);
			runOnlyForDeploymentPostprocessing = 0;
		};
		8FE1F95120B647B8004ECD7B /* Sources */ = {
			isa = PBXSourcesBuildPhase;
			buildActionMask = 2147483647;
			files = (
				8FE1F95A20B647B8004ECD7B /* PictogramUITests.swift in Sources */,
			);
			runOnlyForDeploymentPostprocessing = 0;
		};
/* End PBXSourcesBuildPhase section */

/* Begin PBXTargetDependency section */
		8FE1F94C20B647B8004ECD7B /* PBXTargetDependency */ = {
			isa = PBXTargetDependency;
			target = 8FE1F93520B647B6004ECD7B /* Pictogram */;
			targetProxy = 8FE1F94B20B647B8004ECD7B /* PBXContainerItemProxy */;
		};
		8FE1F95720B647B8004ECD7B /* PBXTargetDependency */ = {
			isa = PBXTargetDependency;
			target = 8FE1F93520B647B6004ECD7B /* Pictogram */;
			targetProxy = 8FE1F95620B647B8004ECD7B /* PBXContainerItemProxy */;
		};
/* End PBXTargetDependency section */

/* Begin PBXVariantGroup section */
		8FE1F93D20B647B6004ECD7B /* Main.storyboard */ = {
			isa = PBXVariantGroup;
			children = (
				8FE1F93E20B647B6004ECD7B /* Base */,
			);
			name = Main.storyboard;
			sourceTree = "<group>";
		};
/* End PBXVariantGroup section */

/* Begin XCBuildConfiguration section */
		8FE1F95C20B647B8004ECD7B /* Debug */ = {
			isa = XCBuildConfiguration;
			buildSettings = {
				ALWAYS_SEARCH_USER_PATHS = NO;
				CLANG_ANALYZER_NONNULL = YES;
				CLANG_ANALYZER_NUMBER_OBJECT_CONVERSION = YES_AGGRESSIVE;
				CLANG_CXX_LANGUAGE_STANDARD = "gnu++14";
				CLANG_CXX_LIBRARY = "libc++";
				CLANG_ENABLE_MODULES = YES;
				CLANG_ENABLE_OBJC_ARC = YES;
				CLANG_ENABLE_OBJC_WEAK = YES;
				CLANG_WARN_BLOCK_CAPTURE_AUTORELEASING = YES;
				CLANG_WARN_BOOL_CONVERSION = YES;
				CLANG_WARN_COMMA = YES;
				CLANG_WARN_CONSTANT_CONVERSION = YES;
				CLANG_WARN_DEPRECATED_OBJC_IMPLEMENTATIONS = YES;
				CLANG_WARN_DIRECT_OBJC_ISA_USAGE = YES_ERROR;
				CLANG_WARN_DOCUMENTATION_COMMENTS = YES;
				CLANG_WARN_EMPTY_BODY = YES;
				CLANG_WARN_ENUM_CONVERSION = YES;
				CLANG_WARN_INFINITE_RECURSION = YES;
				CLANG_WARN_INT_CONVERSION = YES;
				CLANG_WARN_NON_LITERAL_NULL_CONVERSION = YES;
				CLANG_WARN_OBJC_IMPLICIT_RETAIN_SELF = YES;
				CLANG_WARN_OBJC_LITERAL_CONVERSION = YES;
				CLANG_WARN_OBJC_ROOT_CLASS = YES_ERROR;
				CLANG_WARN_RANGE_LOOP_ANALYSIS = YES;
				CLANG_WARN_STRICT_PROTOTYPES = YES;
				CLANG_WARN_SUSPICIOUS_MOVE = YES;
				CLANG_WARN_UNGUARDED_AVAILABILITY = YES_AGGRESSIVE;
				CLANG_WARN_UNREACHABLE_CODE = YES;
				CLANG_WARN__DUPLICATE_METHOD_MATCH = YES;
				CODE_SIGN_IDENTITY = "iPhone Developer";
				COPY_PHASE_STRIP = NO;
				DEBUG_INFORMATION_FORMAT = dwarf;
				ENABLE_STRICT_OBJC_MSGSEND = YES;
				ENABLE_TESTABILITY = YES;
				GCC_C_LANGUAGE_STANDARD = gnu11;
				GCC_DYNAMIC_NO_PIC = NO;
				GCC_NO_COMMON_BLOCKS = YES;
				GCC_OPTIMIZATION_LEVEL = 0;
				GCC_PREPROCESSOR_DEFINITIONS = (
					"DEBUG=1",
					"$(inherited)",
				);
				GCC_WARN_64_TO_32_BIT_CONVERSION = YES;
				GCC_WARN_ABOUT_RETURN_TYPE = YES_ERROR;
				GCC_WARN_UNDECLARED_SELECTOR = YES;
				GCC_WARN_UNINITIALIZED_AUTOS = YES_AGGRESSIVE;
				GCC_WARN_UNUSED_FUNCTION = YES;
				GCC_WARN_UNUSED_VARIABLE = YES;
				IPHONEOS_DEPLOYMENT_TARGET = 11.3;
				MTL_ENABLE_DEBUG_INFO = YES;
				ONLY_ACTIVE_ARCH = YES;
				SDKROOT = iphoneos;
				SWIFT_ACTIVE_COMPILATION_CONDITIONS = DEBUG;
				SWIFT_OPTIMIZATION_LEVEL = "-Onone";
			};
			name = Debug;
		};
		8FE1F95D20B647B8004ECD7B /* Release */ = {
			isa = XCBuildConfiguration;
			buildSettings = {
				ALWAYS_SEARCH_USER_PATHS = NO;
				CLANG_ANALYZER_NONNULL = YES;
				CLANG_ANALYZER_NUMBER_OBJECT_CONVERSION = YES_AGGRESSIVE;
				CLANG_CXX_LANGUAGE_STANDARD = "gnu++14";
				CLANG_CXX_LIBRARY = "libc++";
				CLANG_ENABLE_MODULES = YES;
				CLANG_ENABLE_OBJC_ARC = YES;
				CLANG_ENABLE_OBJC_WEAK = YES;
				CLANG_WARN_BLOCK_CAPTURE_AUTORELEASING = YES;
				CLANG_WARN_BOOL_CONVERSION = YES;
				CLANG_WARN_COMMA = YES;
				CLANG_WARN_CONSTANT_CONVERSION = YES;
				CLANG_WARN_DEPRECATED_OBJC_IMPLEMENTATIONS = YES;
				CLANG_WARN_DIRECT_OBJC_ISA_USAGE = YES_ERROR;
				CLANG_WARN_DOCUMENTATION_COMMENTS = YES;
				CLANG_WARN_EMPTY_BODY = YES;
				CLANG_WARN_ENUM_CONVERSION = YES;
				CLANG_WARN_INFINITE_RECURSION = YES;
				CLANG_WARN_INT_CONVERSION = YES;
				CLANG_WARN_NON_LITERAL_NULL_CONVERSION = YES;
				CLANG_WARN_OBJC_IMPLICIT_RETAIN_SELF = YES;
				CLANG_WARN_OBJC_LITERAL_CONVERSION = YES;
				CLANG_WARN_OBJC_ROOT_CLASS = YES_ERROR;
				CLANG_WARN_RANGE_LOOP_ANALYSIS = YES;
				CLANG_WARN_STRICT_PROTOTYPES = YES;
				CLANG_WARN_SUSPICIOUS_MOVE = YES;
				CLANG_WARN_UNGUARDED_AVAILABILITY = YES_AGGRESSIVE;
				CLANG_WARN_UNREACHABLE_CODE = YES;
				CLANG_WARN__DUPLICATE_METHOD_MATCH = YES;
				CODE_SIGN_IDENTITY = "iPhone Developer";
				COPY_PHASE_STRIP = NO;
				DEBUG_INFORMATION_FORMAT = "dwarf-with-dsym";
				ENABLE_NS_ASSERTIONS = NO;
				ENABLE_STRICT_OBJC_MSGSEND = YES;
				GCC_C_LANGUAGE_STANDARD = gnu11;
				GCC_NO_COMMON_BLOCKS = YES;
				GCC_WARN_64_TO_32_BIT_CONVERSION = YES;
				GCC_WARN_ABOUT_RETURN_TYPE = YES_ERROR;
				GCC_WARN_UNDECLARED_SELECTOR = YES;
				GCC_WARN_UNINITIALIZED_AUTOS = YES_AGGRESSIVE;
				GCC_WARN_UNUSED_FUNCTION = YES;
				GCC_WARN_UNUSED_VARIABLE = YES;
				IPHONEOS_DEPLOYMENT_TARGET = 11.3;
				MTL_ENABLE_DEBUG_INFO = NO;
				SDKROOT = iphoneos;
				SWIFT_COMPILATION_MODE = wholemodule;
				SWIFT_OPTIMIZATION_LEVEL = "-O";
				VALIDATE_PRODUCT = YES;
			};
			name = Release;
		};
		8FE1F95F20B647B8004ECD7B /* Debug */ = {
			isa = XCBuildConfiguration;
			buildSettings = {
				ASSETCATALOG_COMPILER_APPICON_NAME = AppIcon;
				CODE_SIGN_STYLE = Automatic;
				DEVELOPMENT_TEAM = XG84P2VT48;
				INFOPLIST_FILE = Pictogram/Info.plist;
				LD_RUNPATH_SEARCH_PATHS = (
					"$(inherited)",
					"@executable_path/Frameworks",
				);
				PRODUCT_BUNDLE_IDENTIFIER = com.voxqhuy.Pictogram;
				PRODUCT_NAME = "$(TARGET_NAME)";
				SWIFT_VERSION = 4.0;
				TARGETED_DEVICE_FAMILY = "1,2";
			};
			name = Debug;
		};
		8FE1F96020B647B8004ECD7B /* Release */ = {
			isa = XCBuildConfiguration;
			buildSettings = {
				ASSETCATALOG_COMPILER_APPICON_NAME = AppIcon;
				CODE_SIGN_STYLE = Automatic;
				DEVELOPMENT_TEAM = XG84P2VT48;
				INFOPLIST_FILE = Pictogram/Info.plist;
				LD_RUNPATH_SEARCH_PATHS = (
					"$(inherited)",
					"@executable_path/Frameworks",
				);
				PRODUCT_BUNDLE_IDENTIFIER = com.voxqhuy.Pictogram;
				PRODUCT_NAME = "$(TARGET_NAME)";
				SWIFT_VERSION = 4.0;
				TARGETED_DEVICE_FAMILY = "1,2";
			};
			name = Release;
		};
		8FE1F96220B647B8004ECD7B /* Debug */ = {
			isa = XCBuildConfiguration;
			buildSettings = {
				ALWAYS_EMBED_SWIFT_STANDARD_LIBRARIES = YES;
				BUNDLE_LOADER = "$(TEST_HOST)";
				CODE_SIGN_STYLE = Automatic;
				DEVELOPMENT_TEAM = XG84P2VT48;
				INFOPLIST_FILE = PictogramTests/Info.plist;
				LD_RUNPATH_SEARCH_PATHS = (
					"$(inherited)",
					"@executable_path/Frameworks",
					"@loader_path/Frameworks",
				);
				PRODUCT_BUNDLE_IDENTIFIER = com.voxqhuy.PictogramTests;
				PRODUCT_NAME = "$(TARGET_NAME)";
				SWIFT_VERSION = 4.0;
				TARGETED_DEVICE_FAMILY = "1,2";
				TEST_HOST = "$(BUILT_PRODUCTS_DIR)/Pictogram.app/Pictogram";
			};
			name = Debug;
		};
		8FE1F96320B647B8004ECD7B /* Release */ = {
			isa = XCBuildConfiguration;
			buildSettings = {
				ALWAYS_EMBED_SWIFT_STANDARD_LIBRARIES = YES;
				BUNDLE_LOADER = "$(TEST_HOST)";
				CODE_SIGN_STYLE = Automatic;
				DEVELOPMENT_TEAM = XG84P2VT48;
				INFOPLIST_FILE = PictogramTests/Info.plist;
				LD_RUNPATH_SEARCH_PATHS = (
					"$(inherited)",
					"@executable_path/Frameworks",
					"@loader_path/Frameworks",
				);
				PRODUCT_BUNDLE_IDENTIFIER = com.voxqhuy.PictogramTests;
				PRODUCT_NAME = "$(TARGET_NAME)";
				SWIFT_VERSION = 4.0;
				TARGETED_DEVICE_FAMILY = "1,2";
				TEST_HOST = "$(BUILT_PRODUCTS_DIR)/Pictogram.app/Pictogram";
			};
			name = Release;
		};
		8FE1F96520B647B8004ECD7B /* Debug */ = {
			isa = XCBuildConfiguration;
			buildSettings = {
				ALWAYS_EMBED_SWIFT_STANDARD_LIBRARIES = YES;
				CODE_SIGN_STYLE = Automatic;
				DEVELOPMENT_TEAM = XG84P2VT48;
				INFOPLIST_FILE = PictogramUITests/Info.plist;
				LD_RUNPATH_SEARCH_PATHS = (
					"$(inherited)",
					"@executable_path/Frameworks",
					"@loader_path/Frameworks",
				);
				PRODUCT_BUNDLE_IDENTIFIER = com.voxqhuy.PictogramUITests;
				PRODUCT_NAME = "$(TARGET_NAME)";
				SWIFT_VERSION = 4.0;
				TARGETED_DEVICE_FAMILY = "1,2";
				TEST_TARGET_NAME = Pictogram;
			};
			name = Debug;
		};
		8FE1F96620B647B8004ECD7B /* Release */ = {
			isa = XCBuildConfiguration;
			buildSettings = {
				ALWAYS_EMBED_SWIFT_STANDARD_LIBRARIES = YES;
				CODE_SIGN_STYLE = Automatic;
				DEVELOPMENT_TEAM = XG84P2VT48;
				INFOPLIST_FILE = PictogramUITests/Info.plist;
				LD_RUNPATH_SEARCH_PATHS = (
					"$(inherited)",
					"@executable_path/Frameworks",
					"@loader_path/Frameworks",
				);
				PRODUCT_BUNDLE_IDENTIFIER = com.voxqhuy.PictogramUITests;
				PRODUCT_NAME = "$(TARGET_NAME)";
				SWIFT_VERSION = 4.0;
				TARGETED_DEVICE_FAMILY = "1,2";
				TEST_TARGET_NAME = Pictogram;
			};
			name = Release;
		};
/* End XCBuildConfiguration section */

/* Begin XCConfigurationList section */
		8FE1F93120B647B6004ECD7B /* Build configuration list for PBXProject "Pictogram" */ = {
			isa = XCConfigurationList;
			buildConfigurations = (
				8FE1F95C20B647B8004ECD7B /* Debug */,
				8FE1F95D20B647B8004ECD7B /* Release */,
			);
			defaultConfigurationIsVisible = 0;
			defaultConfigurationName = Release;
		};
		8FE1F95E20B647B8004ECD7B /* Build configuration list for PBXNativeTarget "Pictogram" */ = {
			isa = XCConfigurationList;
			buildConfigurations = (
				8FE1F95F20B647B8004ECD7B /* Debug */,
				8FE1F96020B647B8004ECD7B /* Release */,
			);
			defaultConfigurationIsVisible = 0;
			defaultConfigurationName = Release;
		};
		8FE1F96120B647B8004ECD7B /* Build configuration list for PBXNativeTarget "PictogramTests" */ = {
			isa = XCConfigurationList;
			buildConfigurations = (
				8FE1F96220B647B8004ECD7B /* Debug */,
				8FE1F96320B647B8004ECD7B /* Release */,
			);
			defaultConfigurationIsVisible = 0;
			defaultConfigurationName = Release;
		};
		8FE1F96420B647B8004ECD7B /* Build configuration list for PBXNativeTarget "PictogramUITests" */ = {
			isa = XCConfigurationList;
			buildConfigurations = (
				8FE1F96520B647B8004ECD7B /* Debug */,
				8FE1F96620B647B8004ECD7B /* Release */,
			);
			defaultConfigurationIsVisible = 0;
			defaultConfigurationName = Release;
		};
/* End XCConfigurationList section */
	};
	rootObject = 8FE1F92E20B647B6004ECD7B /* Project object */;
}
